{
  "autofirma.clienteafirma.dependencies.jmulticard": {
    "hash": "sha256-ZiY0n620X9cZw/3VNjbNC8LcQPdcLxiou21HihO1Hyc="
  },
  "autofirma.clienteafirma.dependencies.clienteafirma-external": {
    "hash": "sha256-V+UIfsz1jFwQShzPfoWcCMDnvbnD/5M/gAjh/bDtPCg="
  },
  "autofirma.clienteafirma": {
    "hash": "sha256-B1ZIrL8zxCWcJwqSFusJXC39iRu5NFstcG31o0LuE28=",
    "dependencies": [
      "autofirma.clienteafirma.dependencies.jmulticard",
      "autofirma.clienteafirma.dependencies.clienteafirma-external"
    ]
  }
}