{
  "autofirma.clienteafirma.dependencies.jmulticard": {
    "hash": "sha256-xUs8ArFa4pep2Fj/0fmCFe+wPVu3Evu1DP8mFxblBNQ="
  },
  "autofirma.clienteafirma.dependencies.clienteafirma-external": {
    "hash": "sha256-ygieDdj5b1zCCbGW5KxcwZc7cKiUuvR4xGXLIsqo1UM="
  },
  "autofirma.clienteafirma": {
    "hash": "sha256-5whY+ZtGEE/wljJ+gkrOfmtCpSf4jk6YoaKMGpdfg3g=",
    "dependencies": [
      "autofirma.clienteafirma.dependencies.jmulticard",
      "autofirma.clienteafirma.dependencies.clienteafirma-external"
    ]
  }
}