{
  "autofirma.clienteafirma.dependencies.jmulticard": {
    "hash": "sha256-kTkSzLZGH8LqTtEPlzp3r1pfvlRQLBRCzsBAA8OTaQ0="
  },
  "autofirma.clienteafirma.dependencies.clienteafirma-external": {
    "hash": "sha256-1tf60uXhpssqEIpo4SZhyyh4AsDHuaG36pcgqShf/yc="
  },
  "autofirma.clienteafirma": {
    "hash": "sha256-0aqgtAuCsUf7kFK1HxEd2GEKmhF/OtbDvnq52xuvfU0=",
    "dependencies": [
      "autofirma.clienteafirma.dependencies.jmulticard",
      "autofirma.clienteafirma.dependencies.clienteafirma-external"
    ]
  }
}