{
  "nodes": {
    "autofirma-src": {
      "flake": false,
      "locked": {
        "lastModified": 1747811913,
        "narHash": "sha256-vk0I2wpaiwC5kY8R36i/1CLHGCtsl3scDcJ6qg1p50k=",
        "owner": "ctt-gob-es",
        "repo": "clienteafirma",
        "rev": "1f29aa7a2aae8eda40a70fed79b0428153c78df8",
        "type": "github"
      },
      "original": {
        "owner": "ctt-gob-es",
        "ref": "v1.9",
        "repo": "clienteafirma",
        "type": "github"
      }
    },
    "clienteafirma-external-src": {
      "flake": false,
      "locked": {
        "lastModified": 1753702371,
        "narHash": "sha256-3bXdZ6fQAId6nHqiJ60BDBhFI9cosN7jtI0soggcO9Q=",
        "owner": "ctt-gob-es",
        "repo": "clienteafirma-external",
        "rev": "d3792cc3816906da7fff652f9bd122f84b29b5c7",
        "type": "github"
      },
      "original": {
        "owner": "ctt-gob-es",
        "ref": "v1.0.6",
        "repo": "clienteafirma-external",
        "type": "github"
      }
    },
    "flake-parts": {
      "inputs": {
        "nixpkgs-lib": [
          "nixpkgs"
        ]
      },
      "locked": {
        "lastModified": 1762440070,
        "narHash": "sha256-xxdepIcb39UJ94+YydGP221rjnpkDZUlykKuF54PsqI=",
        "owner": "hercules-ci",
        "repo": "flake-parts",
        "rev": "26d05891e14c88eb4a5d5bee659c0db5afb609d8",
        "type": "github"
      },
      "original": {
        "owner": "hercules-ci",
        "repo": "flake-parts",
        "type": "github"
      }
    },
    "home-manager": {
      "inputs": {
        "nixpkgs": "nixpkgs"
      },
      "locked": {
        "lastModified": 1762721397,
        "narHash": "sha256-E428EuouA4nFTNlLuqlL4lVR78X+EbBIqDqsBFnB79w=",
        "owner": "nix-community",
        "repo": "home-manager",
        "rev": "b8645b18b0f5374127bbade6de7381ef0b3d5720",
        "type": "github"
      },
      "original": {
        "owner": "nix-community",
        "repo": "home-manager",
        "type": "github"
      }
    },
    "jmulticard-src": {
      "flake": false,
      "locked": {
        "lastModified": 1753703143,
        "narHash": "sha256-XHX9MwWQe9BIjEfrrquU9gtzx3x6leGBhWjMPmVtALE=",
        "owner": "ctt-gob-es",
        "repo": "jmulticard",
        "rev": "2550e7eab43b9089673d0989959894846425f499",
        "type": "github"
      },
      "original": {
        "owner": "ctt-gob-es",
        "ref": "v2.0",
        "repo": "jmulticard",
        "type": "github"
      }
    },
    "nix-unit": {
      "inputs": {
        "flake-parts": [
          "flake-parts"
        ],
        "nixpkgs": [
          "nixpkgs"
        ],
        "treefmt-nix": "treefmt-nix"
      },
      "locked": {
        "lastModified": 1762507096,
        "narHash": "sha256-dE3CbZR8KRDdb3b4fhMnpvhEl6XB+UnrLezuFekQ2ME=",
        "owner": "nix-community",
        "repo": "nix-unit",
        "rev": "0d7230bc54783b812a5817398885aec660a93051",
        "type": "github"
      },
      "original": {
        "owner": "nix-community",
        "repo": "nix-unit",
        "type": "github"
      }
    },
    "nixpkgs": {
      "locked": {
        "lastModified": 1762111121,
        "narHash": "sha256-4vhDuZ7OZaZmKKrnDpxLZZpGIJvAeMtK6FKLJYUtAdw=",
        "owner": "NixOS",
        "repo": "nixpkgs",
        "rev": "b3d51a0365f6695e7dd5cdf3e180604530ed33b4",
        "type": "github"
      },
      "original": {
        "owner": "NixOS",
        "ref": "nixos-unstable",
        "repo": "nixpkgs",
        "type": "github"
      }
    },
    "nixpkgs_2": {
      "locked": {
        "lastModified": 1762596750,
        "narHash": "sha256-rXXuz51Bq7DHBlfIjN7jO8Bu3du5TV+3DSADBX7/9YQ=",
        "owner": "NixOS",
        "repo": "nixpkgs",
        "rev": "b6a8526db03f735b89dd5ff348f53f752e7ddc8e",
        "type": "github"
      },
      "original": {
        "owner": "NixOS",
        "ref": "nixos-unstable",
        "repo": "nixpkgs",
        "type": "github"
      }
    },
    "root": {
      "inputs": {
        "autofirma-src": "autofirma-src",
        "clienteafirma-external-src": "clienteafirma-external-src",
        "flake-parts": "flake-parts",
        "home-manager": "home-manager",
        "jmulticard-src": "jmulticard-src",
        "nix-unit": "nix-unit",
        "nixpkgs": "nixpkgs_2"
      }
    },
    "treefmt-nix": {
      "inputs": {
        "nixpkgs": [
          "nix-unit",
          "nixpkgs"
        ]
      },
      "locked": {
        "lastModified": 1754847726,
        "narHash": "sha256-2vX8QjO5lRsDbNYvN9hVHXLU6oMl+V/PsmIiJREG4rE=",
        "owner": "numtide",
        "repo": "treefmt-nix",
        "rev": "7d81f6fb2e19bf84f1c65135d1060d829fae2408",
        "type": "github"
      },
      "original": {
        "owner": "numtide",
        "repo": "treefmt-nix",
        "type": "github"
      }
    }
  },
  "root": "root",
  "version": 7
}
