name: Update Fixed-Output Derivations Lock

on:
  push:
    branches:
      - main
      - develop
      - 'release-*'
    paths:
      - flake.lock
  workflow_dispatch:

jobs:
  update_fixed_output:
    runs-on: ubuntu-latest
    steps:
      - name: Checkout repository
        uses: actions/checkout@08c6903cd8c0fde910a37f88322edcfb5dd907a8 # v5.0.0
        with:
          # Checks out the branch that triggered the workflow
          ref: ${{ github.ref }}

      - name: Install Nix
        uses: cachix/install-nix-action@456688f15bc354bef6d396e4a35f4f89d40bf2b7 # v31.8.2

      - name: Update fixed-output derivations
        run: |
          nix develop --accept-flake-config --command update-fixed-output-derivations

      - name: Create Pull Request for the updated fixed-output derivations lock file
        uses: peter-evans/create-pull-request@271a8d0340265f705b14b6d32b9829c1cb33d45e # v7.0.8
        with:
          # Use the branch name from the push event for both the new branch and the PR base
          branch: update/fixed-output-derivations/${{ github.ref_name }}
          base: ${{ github.ref_name }}
          author: github-actions[bot] <41898282+github-actions[bot]@users.noreply.github.com>
          delete-branch: true
          labels: |
            dependencies
            merge-queue
          commit-message: 'fixed-output-derivations.lock'
          title: "Update fixed-output-derivations.lock for `${{ github.ref_name }}`"
          body: |
            This pull request updates the `fixed-output-derivations.lock` file for the `${{ github.ref_name }}` branch. The updates ensure that the hashes for the fixed-output derivations are current, maintaining the integrity of our build process. These updates encompass all necessary external dependencies required for building the project's components.

            #### Why This Update?
            Keeping the `fixed-output-derivations.lock` file updated is crucial for:
            - **Reproducible Builds:** Ensures that builds are consistent across different environments by locking dependency versions.
            - **Security:** Helps in verifying the integrity of dependencies, mitigating potential security risks from tampered or malicious packages.

            #### Reviewer Instructions:
            1. **Verify Automated Tests:** Please ensure that all automated tests pass successfully.
            2. **Merge Guidelines:** Once verification is complete, squash and merge this pull request to maintain a clean commit history.

            Thank you for reviewing!

            ---

            *This PR was generated automatically by a bot to keep dependencies up-to-date.*
          add-paths: fixed-output-derivations.lock
