name: Update Flake Lock
on:
  schedule:
    - cron: "0 4 * * *"  # Daily at 05:00 CET / 06:00 CEST
  workflow_dispatch:
  repository_dispatch:

env:
  IS_NIXOS_OLDSTABLE_DEPRECATED: ${{ vars.IS_NIXOS_OLDSTABLE_DEPRECATED }}
  NIXOS_OLDSTABLE_BRANCH: ${{ vars.NIXOS_OLDSTABLE_BRANCH }}
  NIXOS_STABLE_BRANCH: ${{ vars.NIXOS_STABLE_BRANCH }}

jobs:
  update_main_develop_and_stable:
    name: Update Main and Stable Branches
    runs-on: ubuntu-latest
    strategy:
      fail-fast: false
      matrix:
        branch: [
          "main",
          "develop",
          "release-${{ vars.NIXOS_STABLE_BRANCH }}"
        ]
    env:
      UPDATE_BRANCH: update/flake/${{ matrix.branch }}
    steps:
      - name: Checkout repository
        uses: actions/checkout@08c6903cd8c0fde910a37f88322edcfb5dd907a8 # v5.0.0
        with:
          ref: ${{ matrix.branch }}

      - name: Install Nix
        uses: cachix/install-nix-action@7ab6e7fd29da88e74b1e314a4ae9ac6b5cda3801 # v31.8.0

      - name: Update flake.lock
        uses: DeterminateSystems/update-flake-lock@c5930b397a673a70ca70be06020e943aeac310a1 # v27
        with:
          branch: "${{ env.UPDATE_BRANCH }}"
          pr-labels: |
            dependencies
            merge-queue
          pr-title: "Update flake.lock for `${{ matrix.branch }}`"
          pr-base: ${{ matrix.branch }}
          pr-body: |
            Automated changes by the [update-flake-lock](https://github.com/DeterminateSystems/update-flake-lock) GitHub Action.

            ```
            {{ env.GIT_COMMIT_MESSAGE }}
            ```

            ### Running GitHub Actions on this PR

            GitHub Actions will not run workflows on pull requests which are opened by a GitHub Action.

            To run GitHub Actions workflows on this PR, run:

            ```sh
            git branch -D ${{ env.UPDATE_BRANCH }}
            git fetch origin
            git checkout ${{ env.UPDATE_BRANCH }}
            git commit --amend --no-edit
            git push origin ${{ env.UPDATE_BRANCH }} --force
            ```

  update_oldstable:
    name: Update Oldstable Branch
    if: ${{ vars.IS_NIXOS_OLDSTABLE_DEPRECATED == '0' }}
    runs-on: ubuntu-latest
    env:
      UPDATE_BRANCH: update/flake/release-${{ vars.NIXOS_OLDSTABLE_BRANCH }}
    steps:
      - name: Checkout repository
        uses: actions/checkout@08c6903cd8c0fde910a37f88322edcfb5dd907a8 # v5.0.0
        with:
          ref: "release-${{ vars.NIXOS_OLDSTABLE_BRANCH }}"

      - name: Install Nix
        uses: cachix/install-nix-action@7ab6e7fd29da88e74b1e314a4ae9ac6b5cda3801 # v31.8.0

      - name: Update flake.lock
        uses: DeterminateSystems/update-flake-lock@c5930b397a673a70ca70be06020e943aeac310a1 # v27
        with:
          branch: "${{ env.UPDATE_BRANCH }}"
          pr-labels: |
            dependencies
            merge-queue
          pr-title: "Update flake.lock for `release-${{ vars.NIXOS_OLDSTABLE_BRANCH }}`"
          pr-base: "release-${{ vars.NIXOS_OLDSTABLE_BRANCH }}"
          pr-body: |
            Automated changes by the [update-flake-lock](https://github.com/DeterminateSystems/update-flake-lock) GitHub Action.

            ```
            {{ env.GIT_COMMIT_MESSAGE }}
            ```

            ### Running GitHub Actions on this PR

            GitHub Actions will not run workflows on pull requests which are opened by a GitHub Action.

            To run GitHub Actions workflows on this PR, run:

            ```sh
            git branch -D ${{ env.UPDATE_BRANCH }}
            git fetch origin
            git checkout ${{ env.UPDATE_BRANCH }}
            git commit --amend --no-edit
            git push origin ${{ env.UPDATE_BRANCH }} --force
            ```
